
Microsoft Visual Studio Solution File, Format Version 12.00
# Visual Studio Version 17
VisualStudioVersion = 17.4.33205.214
MinimumVisualStudioVersion = 10.0.40219.1
Project("{FAE04EC0-301F-11D3-BF4B-00C04F79EFBC}") = "FromLec 52", "FromLec 52\FromLec 52.csproj", "{28ADA432-400F-4EBF-AC0A-FFCA66B4447D}"
EndProject
Global
	GlobalSection(SolutionConfigurationPlatforms) = preSolution
		Debug|Any CPU = Debug|Any CPU
		Release|Any CPU = Release|Any CPU
	EndGlobalSection
	GlobalSection(ProjectConfigurationPlatforms) = postSolution
		{28ADA432-400F-4EBF-AC0A-FFCA66B4447D}.Debug|Any CPU.ActiveCfg = Debug|Any CPU
		{28ADA432-400F-4EBF-AC0A-FFCA66B4447D}.Debug|Any CPU.Build.0 = Debug|Any CPU
		{28ADA432-400F-4EBF-AC0A-FFCA66B4447D}.Release|Any CPU.ActiveCfg = Release|Any CPU
		{28ADA432-400F-4EBF-AC0A-FFCA66B4447D}.Release|Any CPU.Build.0 = Release|Any CPU
	EndGlobalSection
	GlobalSection(SolutionProperties) = preSolution
		HideSolutionNode = FALSE
	EndGlobalSection
	GlobalSection(ExtensibilityGlobals) = postSolution
		SolutionGuid = {03AB0E08-06DA-43A2-A383-93A6175E2AA9}
	EndGlobalSection
EndGlobal
